
Microsoft Visual Studio Solution File, Format Version 12.00
# Visual Studio Version 17
VisualStudioVersion = 17.0.32112.339
MinimumVisualStudioVersion = 10.0.40219.1
Project("{2150E333-8FDC-42A3-9474-1A3956D46DE8}") = "Application", "Application", "{994D1C31-18BE-4A6D-A40A-36FC2142E305}"
EndProject
Project("{2150E333-8FDC-42A3-9474-1A3956D46DE8}") = "Services", "Services", "{981EA4D6-FD32-4B79-A529-157CF70571E4}"
EndProject
Project("{2150E333-8FDC-42A3-9474-1A3956D46DE8}") = "Outreach", "Outreach", "{17697433-0128-4710-AE9C-7AC0CA75422B}"
EndProject
Project("{9A19103F-16F7-4668-BE54-9A1E7A4F7556}") = "Report.Domain", "Application.Domain\Report.Domain.csproj", "{583007DE-A81B-4DD2-92F9-D6F05EFC654A}"
EndProject
Project("{9A19103F-16F7-4668-BE54-9A1E7A4F7556}") = "OutreachReport.Service", "OutreachReport.Service\OutreachReport.Service.csproj", "{E728B6BF-DEDD-46B3-BD06-B93CAE77A697}"
EndProject
Project("{9A19103F-16F7-4668-BE54-9A1E7A4F7556}") = "Report.Infra.Data", "Application.Infra.Data\Report.Infra.Data.csproj", "{F3B4551E-3F2C-417D-B6F5-5C74E611922B}"
EndProject
Project("{2150E333-8FDC-42A3-9474-1A3956D46DE8}") = "OnlineSystem", "OnlineSystem", "{519F0132-129D-41F4-B881-091802C81AC7}"
EndProject
Project("{2150E333-8FDC-42A3-9474-1A3956D46DE8}") = "Users", "Users", "{928CA582-245D-4D7E-8251-5BE7B591D980}"
EndProject
Project("{9A19103F-16F7-4668-BE54-9A1E7A4F7556}") = "Users.Service", "Users.Service\Users.Service.csproj", "{C44D4A94-BC09-42CF-B6BC-385244545D41}"
EndProject
Project("{2150E333-8FDC-42A3-9474-1A3956D46DE8}") = "RMS", "RMS", "{91CE0B7D-B26A-44E9-AAEB-A4F4F888E862}"
EndProject
Project("{9A19103F-16F7-4668-BE54-9A1E7A4F7556}") = "RMSReport.Service", "RMSReport.Service\RMSReport.Service.csproj", "{88F2783B-D07D-4F39-B655-A36A7D949F6C}"
EndProject
Project("{9A19103F-16F7-4668-BE54-9A1E7A4F7556}") = "CRMReport.Service", "CRMReport.Service\CRMReport.Service.csproj", "{55C2086E-6DAC-4E2F-B623-2F9955FC4871}"
EndProject
Project("{2150E333-8FDC-42A3-9474-1A3956D46DE8}") = "Common", "Common", "{7891BCC6-E003-4B8D-A517-DF048119E24A}"
EndProject
Project("{9A19103F-16F7-4668-BE54-9A1E7A4F7556}") = "Common.Service", "Common.Service\Common.Service.csproj", "{DF3DDBDA-CA0E-45C5-823F-E235BF2ACC4B}"
EndProject
Project("{2150E333-8FDC-42A3-9474-1A3956D46DE8}") = "AM", "AM", "{4587F19A-C102-4530-B678-82BA73355205}"
EndProject
Project("{9A19103F-16F7-4668-BE54-9A1E7A4F7556}") = "AMReport.Service", "AMReport.Service\AMReport.Service.csproj", "{22C06160-967D-48E0-971E-4D23E0AB5CF8}"
EndProject
Project("{9A19103F-16F7-4668-BE54-9A1E7A4F7556}") = "Auth.Service", "Auth.Service\Auth.Service.csproj", "{F9325DA8-27A6-4B3A-A3CE-F7CD235EFE48}"
EndProject
Project("{9A19103F-16F7-4668-BE54-9A1E7A4F7556}") = "Report.API", "Report.API\Report.API.csproj", "{4932429A-F02C-4EAA-9828-E5F089ADFC1D}"
EndProject
Global
	GlobalSection(SolutionConfigurationPlatforms) = preSolution
		Debug|Any CPU = Debug|Any CPU
		Release|Any CPU = Release|Any CPU
	EndGlobalSection
	GlobalSection(ProjectConfigurationPlatforms) = postSolution
		{583007DE-A81B-4DD2-92F9-D6F05EFC654A}.Debug|Any CPU.ActiveCfg = Debug|Any CPU
		{583007DE-A81B-4DD2-92F9-D6F05EFC654A}.Debug|Any CPU.Build.0 = Debug|Any CPU
		{583007DE-A81B-4DD2-92F9-D6F05EFC654A}.Release|Any CPU.ActiveCfg = Release|Any CPU
		{583007DE-A81B-4DD2-92F9-D6F05EFC654A}.Release|Any CPU.Build.0 = Release|Any CPU
		{E728B6BF-DEDD-46B3-BD06-B93CAE77A697}.Debug|Any CPU.ActiveCfg = Debug|Any CPU
		{E728B6BF-DEDD-46B3-BD06-B93CAE77A697}.Debug|Any CPU.Build.0 = Debug|Any CPU
		{E728B6BF-DEDD-46B3-BD06-B93CAE77A697}.Release|Any CPU.ActiveCfg = Release|Any CPU
		{E728B6BF-DEDD-46B3-BD06-B93CAE77A697}.Release|Any CPU.Build.0 = Release|Any CPU
		{F3B4551E-3F2C-417D-B6F5-5C74E611922B}.Debug|Any CPU.ActiveCfg = Debug|Any CPU
		{F3B4551E-3F2C-417D-B6F5-5C74E611922B}.Debug|Any CPU.Build.0 = Debug|Any CPU
		{F3B4551E-3F2C-417D-B6F5-5C74E611922B}.Release|Any CPU.ActiveCfg = Release|Any CPU
		{F3B4551E-3F2C-417D-B6F5-5C74E611922B}.Release|Any CPU.Build.0 = Release|Any CPU
		{C44D4A94-BC09-42CF-B6BC-385244545D41}.Debug|Any CPU.ActiveCfg = Debug|Any CPU
		{C44D4A94-BC09-42CF-B6BC-385244545D41}.Debug|Any CPU.Build.0 = Debug|Any CPU
		{C44D4A94-BC09-42CF-B6BC-385244545D41}.Release|Any CPU.ActiveCfg = Release|Any CPU
		{C44D4A94-BC09-42CF-B6BC-385244545D41}.Release|Any CPU.Build.0 = Release|Any CPU
		{88F2783B-D07D-4F39-B655-A36A7D949F6C}.Debug|Any CPU.ActiveCfg = Debug|Any CPU
		{88F2783B-D07D-4F39-B655-A36A7D949F6C}.Debug|Any CPU.Build.0 = Debug|Any CPU
		{88F2783B-D07D-4F39-B655-A36A7D949F6C}.Release|Any CPU.ActiveCfg = Release|Any CPU
		{88F2783B-D07D-4F39-B655-A36A7D949F6C}.Release|Any CPU.Build.0 = Release|Any CPU
		{55C2086E-6DAC-4E2F-B623-2F9955FC4871}.Debug|Any CPU.ActiveCfg = Debug|Any CPU
		{55C2086E-6DAC-4E2F-B623-2F9955FC4871}.Debug|Any CPU.Build.0 = Debug|Any CPU
		{55C2086E-6DAC-4E2F-B623-2F9955FC4871}.Release|Any CPU.ActiveCfg = Release|Any CPU
		{55C2086E-6DAC-4E2F-B623-2F9955FC4871}.Release|Any CPU.Build.0 = Release|Any CPU
		{DF3DDBDA-CA0E-45C5-823F-E235BF2ACC4B}.Debug|Any CPU.ActiveCfg = Debug|Any CPU
		{DF3DDBDA-CA0E-45C5-823F-E235BF2ACC4B}.Debug|Any CPU.Build.0 = Debug|Any CPU
		{DF3DDBDA-CA0E-45C5-823F-E235BF2ACC4B}.Release|Any CPU.ActiveCfg = Release|Any CPU
		{DF3DDBDA-CA0E-45C5-823F-E235BF2ACC4B}.Release|Any CPU.Build.0 = Release|Any CPU
		{22C06160-967D-48E0-971E-4D23E0AB5CF8}.Debug|Any CPU.ActiveCfg = Debug|Any CPU
		{22C06160-967D-48E0-971E-4D23E0AB5CF8}.Debug|Any CPU.Build.0 = Debug|Any CPU
		{22C06160-967D-48E0-971E-4D23E0AB5CF8}.Release|Any CPU.ActiveCfg = Release|Any CPU
		{22C06160-967D-48E0-971E-4D23E0AB5CF8}.Release|Any CPU.Build.0 = Release|Any CPU
		{F9325DA8-27A6-4B3A-A3CE-F7CD235EFE48}.Debug|Any CPU.ActiveCfg = Debug|Any CPU
		{F9325DA8-27A6-4B3A-A3CE-F7CD235EFE48}.Debug|Any CPU.Build.0 = Debug|Any CPU
		{F9325DA8-27A6-4B3A-A3CE-F7CD235EFE48}.Release|Any CPU.ActiveCfg = Release|Any CPU
		{F9325DA8-27A6-4B3A-A3CE-F7CD235EFE48}.Release|Any CPU.Build.0 = Release|Any CPU
		{4932429A-F02C-4EAA-9828-E5F089ADFC1D}.Debug|Any CPU.ActiveCfg = Debug|Any CPU
		{4932429A-F02C-4EAA-9828-E5F089ADFC1D}.Debug|Any CPU.Build.0 = Debug|Any CPU
		{4932429A-F02C-4EAA-9828-E5F089ADFC1D}.Release|Any CPU.ActiveCfg = Release|Any CPU
		{4932429A-F02C-4EAA-9828-E5F089ADFC1D}.Release|Any CPU.Build.0 = Release|Any CPU
	EndGlobalSection
	GlobalSection(SolutionProperties) = preSolution
		HideSolutionNode = FALSE
	EndGlobalSection
	GlobalSection(NestedProjects) = preSolution
		{981EA4D6-FD32-4B79-A529-157CF70571E4} = {994D1C31-18BE-4A6D-A40A-36FC2142E305}
		{17697433-0128-4710-AE9C-7AC0CA75422B} = {981EA4D6-FD32-4B79-A529-157CF70571E4}
		{583007DE-A81B-4DD2-92F9-D6F05EFC654A} = {994D1C31-18BE-4A6D-A40A-36FC2142E305}
		{E728B6BF-DEDD-46B3-BD06-B93CAE77A697} = {17697433-0128-4710-AE9C-7AC0CA75422B}
		{F3B4551E-3F2C-417D-B6F5-5C74E611922B} = {994D1C31-18BE-4A6D-A40A-36FC2142E305}
		{519F0132-129D-41F4-B881-091802C81AC7} = {981EA4D6-FD32-4B79-A529-157CF70571E4}
		{928CA582-245D-4D7E-8251-5BE7B591D980} = {981EA4D6-FD32-4B79-A529-157CF70571E4}
		{C44D4A94-BC09-42CF-B6BC-385244545D41} = {928CA582-245D-4D7E-8251-5BE7B591D980}
		{91CE0B7D-B26A-44E9-AAEB-A4F4F888E862} = {981EA4D6-FD32-4B79-A529-157CF70571E4}
		{88F2783B-D07D-4F39-B655-A36A7D949F6C} = {91CE0B7D-B26A-44E9-AAEB-A4F4F888E862}
		{55C2086E-6DAC-4E2F-B623-2F9955FC4871} = {519F0132-129D-41F4-B881-091802C81AC7}
		{7891BCC6-E003-4B8D-A517-DF048119E24A} = {981EA4D6-FD32-4B79-A529-157CF70571E4}
		{DF3DDBDA-CA0E-45C5-823F-E235BF2ACC4B} = {7891BCC6-E003-4B8D-A517-DF048119E24A}
		{4587F19A-C102-4530-B678-82BA73355205} = {981EA4D6-FD32-4B79-A529-157CF70571E4}
		{22C06160-967D-48E0-971E-4D23E0AB5CF8} = {4587F19A-C102-4530-B678-82BA73355205}
		{F9325DA8-27A6-4B3A-A3CE-F7CD235EFE48} = {928CA582-245D-4D7E-8251-5BE7B591D980}
		{4932429A-F02C-4EAA-9828-E5F089ADFC1D} = {994D1C31-18BE-4A6D-A40A-36FC2142E305}
	EndGlobalSection
	GlobalSection(ExtensibilityGlobals) = postSolution
		SolutionGuid = {58AED361-3185-401E-9661-A142D7958106}
	EndGlobalSection
EndGlobal
